
Microsoft Visual Studio Solution File, Format Version 12.00
# Visual Studio Version 17
VisualStudioVersion = 17.7.34202.233
MinimumVisualStudioVersion = 10.0.40219.1
Project("{9A19103F-16F7-4668-BE54-9A1E7A4F7556}") = "HotelsApplication", "HotelsWebAPI\HotelsApplication.csproj", "{36446FA1-F4B3-4467-8F76-72BBFD302AE1}"
EndProject
Project("{FAE04EC0-301F-11D3-BF4B-00C04F79EFBC}") = "HotelsApplication.Data", "HotelsApplication.Data\HotelsApplication.Data.csproj", "{BF94C483-312A-4C95-8F60-B0C54F505BC0}"
EndProject
Global
	GlobalSection(SolutionConfigurationPlatforms) = preSolution
		Debug|Any CPU = Debug|Any CPU
		Release|Any CPU = Release|Any CPU
	EndGlobalSection
	GlobalSection(ProjectConfigurationPlatforms) = postSolution
		{36446FA1-F4B3-4467-8F76-72BBFD302AE1}.Debug|Any CPU.ActiveCfg = Debug|Any CPU
		{36446FA1-F4B3-4467-8F76-72BBFD302AE1}.Debug|Any CPU.Build.0 = Debug|Any CPU
		{36446FA1-F4B3-4467-8F76-72BBFD302AE1}.Release|Any CPU.ActiveCfg = Release|Any CPU
		{36446FA1-F4B3-4467-8F76-72BBFD302AE1}.Release|Any CPU.Build.0 = Release|Any CPU
		{BF94C483-312A-4C95-8F60-B0C54F505BC0}.Debug|Any CPU.ActiveCfg = Debug|Any CPU
		{BF94C483-312A-4C95-8F60-B0C54F505BC0}.Debug|Any CPU.Build.0 = Debug|Any CPU
		{BF94C483-312A-4C95-8F60-B0C54F505BC0}.Release|Any CPU.ActiveCfg = Release|Any CPU
		{BF94C483-312A-4C95-8F60-B0C54F505BC0}.Release|Any CPU.Build.0 = Release|Any CPU
	EndGlobalSection
	GlobalSection(SolutionProperties) = preSolution
		HideSolutionNode = FALSE
	EndGlobalSection
	GlobalSection(ExtensibilityGlobals) = postSolution
		SolutionGuid = {A537CAFE-DD08-4A3D-B5EB-86A4D7E557CE}
	EndGlobalSection
EndGlobal
